{
  "name": "quarrelly-ui",
  "version": "0.1.0",
  "lockfileVersion": 1,
  "requires": true,
  "dependencies": {
    "@types/graphql": {
      "version": "0.9.2",
      "resolved": "https://registry.npmjs.org/@types/graphql/-/graphql-0.9.2.tgz",
      "integrity": "sha512-P4cMTUXQrJ75vreYhju7ovV7RvgMIiwAr5vwdZaqndyiicZJekQ5NirqInhNmftKtmplbkhQy2ENnYtGpTevpg==",
      "optional": true
    },
    "@types/node": {
      "version": "9.6.1",
      "resolved": "https://registry.npmjs.org/@types/node/-/node-9.6.1.tgz",
      "integrity": "sha512-xwlHq5DXQFRpe+u6hmmNkzYk/3oxxqDp71a/AJMupOQYmxyaBetqrVMqdNlSQfbg7XTJYD8vARjf3Op06OzdtQ=="
    },
    "@types/ws": {
      "version": "3.2.1",
      "resolved": "https://registry.npmjs.org/@types/ws/-/ws-3.2.1.tgz",
      "integrity": "sha512-t5n0/iHoavnX1MqeYmKJgWc1W6yX4BXsNxQg7M5862RWrfN9S5k8yaWbDMGJSTCzbH7+q5QS8chjymd+ND9gMw==",
      "requires": {
        "@types/node": "9.6.1"
      }
    },
    "apollo-client": {
      "version": "1.6.0",
      "resolved": "https://registry.npmjs.org/apollo-client/-/apollo-client-1.6.0.tgz",
      "integrity": "sha512-t8/YE+tV4+TK7U5YdHWaSs76wE4VovlLbWFyB2IX0/bC+8v1fzFHq1jCBdLHEDetL3CwF76gCL4n+IEZPvQHsA=="
    },
    "async-limiter": {
      "version": "1.0.0",
      "resolved": "https://registry.npmjs.org/async-limiter/-/async-limiter-1.0.0.tgz",
      "integrity": "sha512-jp/uFnooOiO+L211eZOoSyzpOITMXx1rBITauYykG3BRYPu8h0UcxsPNB04RR5vo4Tyz3+ay17tR6JVf9qzYWg=="
    },
    "babel-runtime": {
      "version": "6.23.0",
      "resolved": "https://registry.npmjs.org/babel-runtime/-/babel-runtime-6.23.0.tgz",
      "integrity": "sha1-CpSJ8UTecO+zzkMArM2zKeL8VDs=",
      "dev": true,
      "dependencies": {
        "core-js": {
          "version": "2.4.1",
          "resolved": "https://registry.npmjs.org/core-js/-/core-js-2.4.1.tgz",
          "integrity": "sha1-TekR5mew6ukSTjQlS1OupvxhjT4=",
          "dev": true
        }
      }
    },
    "backo2": {
      "version": "1.0.2",
      "resolved": "https://registry.npmjs.org/backo2/-/backo2-1.0.2.tgz",
      "integrity": "sha1-MasayLEpNjRj41s+u2n038+6eUc="
    },
    "charenc": {
      "version": "0.0.2",
      "resolved": "https://registry.npmjs.org/charenc/-/charenc-0.0.2.tgz",
      "integrity": "sha1-wKHS86cJLgN3S/qD8UwPxXkKhmc="
    },
    "classnames": {
      "version": "2.2.5",
      "resolved": "https://registry.npmjs.org/classnames/-/classnames-2.2.5.tgz",
      "integrity": "sha1-+zgB1FNGdknvNgPH1hoCvRKb3m0="
    },
    "core-js": {
      "version": "1.2.7",
      "resolved": "https://registry.npmjs.org/core-js/-/core-js-1.2.7.tgz",
      "integrity": "sha1-ZSKUwUZR2yj6k70tX/KYOk8IxjY="
    },
    "crypt": {
      "version": "0.0.2",
      "resolved": "https://registry.npmjs.org/crypt/-/crypt-0.0.2.tgz",
      "integrity": "sha1-iNf/fsDfuG9xPch7u0LQRNPmxBs="
    },
    "define-properties": {
      "version": "1.1.2",
      "resolved": "https://registry.npmjs.org/define-properties/-/define-properties-1.1.2.tgz",
      "integrity": "sha1-g6c/L+pWmJj7c3GTyPhzyvbUXJQ=",
      "dev": true
    },
    "dom-helpers": {
      "version": "3.3.1",
      "resolved": "https://registry.npmjs.org/dom-helpers/-/dom-helpers-3.3.1.tgz",
      "integrity": "sha512-2Sm+JaYn74OiTM2wHvxJOo3roiq/h25Yi69Fqk269cNUwIXsCvATB6CRSFC9Am/20G2b28hGv/+7NiWydIrPvg=="
    },
    "enzyme-adapter-react-16": {
      "version": "1.1.1",
      "resolved": "https://registry.npmjs.org/enzyme-adapter-react-16/-/enzyme-adapter-react-16-1.1.1.tgz",
      "integrity": "sha512-kC8pAtU2Jk3OJ0EG8Y2813dg9Ol0TXi7UNxHzHiWs30Jo/hj7alc//G1YpKUsPP1oKl9X+Lkx+WlGJpPYA+nvw==",
      "requires": {
        "enzyme-adapter-utils": "1.3.0",
        "lodash": "4.17.4",
        "object.assign": "4.1.0",
        "object.values": "1.0.4",
        "prop-types": "15.6.1",
        "react-reconciler": "0.7.0",
        "react-test-renderer": "16.2.0"
      },
      "dependencies": {
        "fbjs": {
          "version": "0.8.16",
          "resolved": "https://registry.npmjs.org/fbjs/-/fbjs-0.8.16.tgz",
          "integrity": "sha1-XmdDL1UNxBtXK/VYR7ispk5TN9s=",
          "requires": {
            "core-js": "1.2.7",
            "isomorphic-fetch": "2.2.1",
            "loose-envify": "1.3.1",
            "object-assign": "4.1.1",
            "promise": "7.3.1",
            "setimmediate": "1.0.5",
            "ua-parser-js": "0.7.13"
          }
        },
        "prop-types": {
          "version": "15.6.1",
          "resolved": "https://registry.npmjs.org/prop-types/-/prop-types-15.6.1.tgz",
          "integrity": "sha512-4ec7bY1Y66LymSUOH/zARVYObB23AT2h8cf6e/O6ZALB/N0sqZFEx7rq6EYPX2MkOdKORuooI/H5k9TlR4q7kQ==",
          "requires": {
            "fbjs": "0.8.16",
            "loose-envify": "1.3.1",
            "object-assign": "4.1.1"
          }
        }
      }
    },
    "enzyme-adapter-utils": {
      "version": "1.3.0",
      "resolved": "https://registry.npmjs.org/enzyme-adapter-utils/-/enzyme-adapter-utils-1.3.0.tgz",
      "integrity": "sha512-vVXSt6uDv230DIv+ebCG66T1Pm36Kv+m74L1TrF4kaE7e1V7Q/LcxO0QRkajk5cA6R3uu9wJf5h13wOTezTbjA==",
      "requires": {
        "lodash": "4.17.4",
        "object.assign": "4.1.0",
        "prop-types": "15.6.1"
      },
      "dependencies": {
        "fbjs": {
          "version": "0.8.16",
          "resolved": "https://registry.npmjs.org/fbjs/-/fbjs-0.8.16.tgz",
          "integrity": "sha1-XmdDL1UNxBtXK/VYR7ispk5TN9s=",
          "requires": {
            "core-js": "1.2.7",
            "isomorphic-fetch": "2.2.1",
            "loose-envify": "1.3.1",
            "object-assign": "4.1.1",
            "promise": "7.3.1",
            "setimmediate": "1.0.5",
            "ua-parser-js": "0.7.13"
          }
        },
        "prop-types": {
          "version": "15.6.1",
          "resolved": "https://registry.npmjs.org/prop-types/-/prop-types-15.6.1.tgz",
          "integrity": "sha512-4ec7bY1Y66LymSUOH/zARVYObB23AT2h8cf6e/O6ZALB/N0sqZFEx7rq6EYPX2MkOdKORuooI/H5k9TlR4q7kQ==",
          "requires": {
            "fbjs": "0.8.16",
            "loose-envify": "1.3.1",
            "object-assign": "4.1.1"
          }
        }
      }
    },
    "es-abstract": {
      "version": "1.7.0",
      "resolved": "https://registry.npmjs.org/es-abstract/-/es-abstract-1.7.0.tgz",
      "integrity": "sha1-363ndOAb/Nl/lhgCmMRJyGI/uUw=",
      "dev": true
    },
    "es6-promise": {
      "version": "4.1.0",
      "resolved": "https://registry.npmjs.org/es6-promise/-/es6-promise-4.1.0.tgz",
      "integrity": "sha1-3aA8qPn4m8WX5omEKSnee6jOvfA=",
      "dev": true
    },
    "eventemitter3": {
      "version": "1.2.0",
      "resolved": "https://registry.npmjs.org/eventemitter3/-/eventemitter3-1.2.0.tgz",
      "integrity": "sha1-HIaZHYFq0eUEdQ5zh0Ik7PO+xQg=",
      "dev": true
    },
    "fbjs": {
      "version": "0.8.12",
      "resolved": "https://registry.npmjs.org/fbjs/-/fbjs-0.8.12.tgz",
      "integrity": "sha1-ELXZL3bUVXX9Y6IX1OoCvqL47QQ="
    },
    "function-bind": {
      "version": "1.1.0",
      "resolved": "https://registry.npmjs.org/function-bind/-/function-bind-1.1.0.tgz",
      "integrity": "sha1-FhdnFMgBeY5Ojyz391KUZ7tKV3E=",
      "dev": true
    },
    "graphql-subscriptions": {
      "version": "0.4.4",
      "resolved": "https://registry.npmjs.org/graphql-subscriptions/-/graphql-subscriptions-0.4.4.tgz",
      "integrity": "sha512-hqfUsZv39qmK4SEoKMnTO05U4EVvIeAD4ai5ztE9gCl4hEdeaF2Q5gvF80ONQQAnkys4odzxWYd2tBLS/cWl8g==",
      "requires": {
        "@types/graphql": "0.9.2",
        "es6-promise": "4.1.0",
        "iterall": "1.1.1"
      }
    },
    "graphql-tag": {
      "version": "2.4.2",
      "resolved": "https://registry.npmjs.org/graphql-tag/-/graphql-tag-2.4.2.tgz",
      "integrity": "sha1-amMpfYUi0DorctJvGyOaqzQ4QM0="
    },
    "has": {
      "version": "1.0.1",
      "resolved": "https://registry.npmjs.org/has/-/has-1.0.1.tgz",
      "integrity": "sha1-hGFzP1OLCDfJNh45qauelwTcLyg=",
      "dev": true
    },
    "has-symbols": {
      "version": "1.0.0",
      "resolved": "https://registry.npmjs.org/has-symbols/-/has-symbols-1.0.0.tgz",
      "integrity": "sha1-uhqPGvKg/DllD1yFA2dwQSIGO0Q="
    },
    "invariant": {
      "version": "2.2.2",
      "resolved": "https://registry.npmjs.org/invariant/-/invariant-2.2.2.tgz",
      "integrity": "sha1-nh9WrArNtr8wMwbzOL47IErmA2A="
    },
    "is-buffer": {
      "version": "1.1.5",
      "resolved": "https://registry.npmjs.org/is-buffer/-/is-buffer-1.1.5.tgz",
      "integrity": "sha1-Hzsm72E7IUuIy8ojzGwB2Hlh7sw=",
      "dev": true
    },
    "isomorphic-fetch": {
      "version": "2.2.1",
      "resolved": "https://registry.npmjs.org/isomorphic-fetch/-/isomorphic-fetch-2.2.1.tgz",
      "integrity": "sha1-YRrhrPFPXoH3KVB0coGf6XM1WKk="
    },
    "iterall": {
      "version": "1.1.1",
      "resolved": "https://registry.npmjs.org/iterall/-/iterall-1.1.1.tgz",
      "integrity": "sha1-9/CvEemgTsZCYmD1AZ2fzKTVAhQ="
    },
    "lodash": {
      "version": "4.17.4",
      "resolved": "https://registry.npmjs.org/lodash/-/lodash-4.17.4.tgz",
      "integrity": "sha1-eCA6TRwyiuHYbcpkYONptX9AVa4="
    },
    "lodash.assign": {
      "version": "4.2.0",
      "resolved": "https://registry.npmjs.org/lodash.assign/-/lodash.assign-4.2.0.tgz",
      "integrity": "sha1-DZnzzNem0mHRm9rrkkUAXShYCOc="
    },
    "lodash.isobject": {
      "version": "3.0.2",
      "resolved": "https://registry.npmjs.org/lodash.isobject/-/lodash.isobject-3.0.2.tgz",
      "integrity": "sha1-PI+41bW/S/kK4G4U8qUwpO2TXh0="
    },
    "lodash.isstring": {
      "version": "4.0.1",
      "resolved": "https://registry.npmjs.org/lodash.isstring/-/lodash.isstring-4.0.1.tgz",
      "integrity": "sha1-1SfftUVuynzJu5XV2ur4i6VKVFE="
    },
    "lodash.pick": {
      "version": "4.4.0",
      "resolved": "https://registry.npmjs.org/lodash.pick/-/lodash.pick-4.4.0.tgz",
      "integrity": "sha1-UvBWEP/53tQiYRRB7R/BI6AwAbM="
    },
    "loose-envify": {
      "version": "1.3.1",
      "resolved": "https://registry.npmjs.org/loose-envify/-/loose-envify-1.3.1.tgz",
      "integrity": "sha1-0aitM/qc4OcT1l/dCsi3SNR4yEg="
    },
    "md5": {
      "version": "2.2.1",
      "resolved": "https://registry.npmjs.org/md5/-/md5-2.2.1.tgz",
      "integrity": "sha1-U6s41f48iJG6RlMp6iP6wFQBJvk=",
      "requires": {
        "charenc": "0.0.2",
        "crypt": "0.0.2",
        "is-buffer": "1.1.5"
      }
    },
    "object-assign": {
      "version": "4.1.1",
      "resolved": "https://registry.npmjs.org/object-assign/-/object-assign-4.1.1.tgz",
      "integrity": "sha1-IQmtx5ZYh8/AXLvUQsrIv7s2CGM="
    },
    "object-keys": {
      "version": "1.0.11",
      "resolved": "https://registry.npmjs.org/object-keys/-/object-keys-1.0.11.tgz",
      "integrity": "sha1-xUYBd4rVYPEULODgG8yotW0TQm0=",
      "dev": true
    },
    "object.assign": {
      "version": "4.1.0",
      "resolved": "https://registry.npmjs.org/object.assign/-/object.assign-4.1.0.tgz",
      "integrity": "sha512-exHJeq6kBKj58mqGyTQ9DFvrZC/eR6OwxzoM9YRoGBqrXYonaFyGiFMuc9VZrXf7DarreEwMpurG3dd+CNyW5w==",
      "requires": {
        "define-properties": "1.1.2",
        "function-bind": "1.1.1",
        "has-symbols": "1.0.0",
        "object-keys": "1.0.11"
      },
      "dependencies": {
        "function-bind": {
          "version": "1.1.1",
          "resolved": "https://registry.npmjs.org/function-bind/-/function-bind-1.1.1.tgz",
          "integrity": "sha512-yIovAzMX49sF8Yl58fSCWJ5svSLuaibPxXQJFLmBObTuCr0Mf1KiPopGM9NiFjiYBCbfaa2Fh6breQ6ANVTI0A=="
        }
      }
    },
    "object.values": {
      "version": "1.0.4",
      "resolved": "https://registry.npmjs.org/object.values/-/object.values-1.0.4.tgz",
      "integrity": "sha1-5STaCbT2b/Bd9FdUbscqyZ8TBpo=",
      "requires": {
        "define-properties": "1.1.2",
        "es-abstract": "1.7.0",
        "function-bind": "1.1.0",
        "has": "1.0.1"
      }
    },
    "promise": {
      "version": "7.3.1",
      "resolved": "https://registry.npmjs.org/promise/-/promise-7.3.1.tgz",
      "integrity": "sha512-nolQXZ/4L+bP/UGlkfaIujX9BKxGwmQ9OT4mOt5yvy8iK1h3wqTEJCijzGANTCCl9nWjY41juyAn2K3Q1hLLTg=="
    },
    "prop-types": {
      "version": "15.5.10",
      "resolved": "https://registry.npmjs.org/prop-types/-/prop-types-15.5.10.tgz",
      "integrity": "sha1-J5ffwxJhguOpXj37suiT3ddFYVQ="
    },
    "react": {
      "version": "15.6.1",
      "resolved": "https://registry.npmjs.org/react/-/react-15.6.1.tgz",
      "integrity": "sha1-uqhDTsZ4C96ZfNw4C3nNM7ljk98="
    },
    "react-apollo": {
      "version": "1.4.16",
      "resolved": "https://registry.npmjs.org/react-apollo/-/react-apollo-1.4.16.tgz",
      "integrity": "sha512-/Htq9zI/u/PpIdoH/qBU9Zty09U23biH585H52GvEF0m/kK9te9QFCnYfjKpB30DS6YleIk1uKNcqeK3HEfU6w==",
      "requires": {
        "apollo-client": "1.6.0",
        "enzyme-adapter-react-16": "1.1.1",
        "graphql-tag": "2.4.2",
        "hoist-non-react-statics": "2.5.0",
        "invariant": "2.2.2",
        "lodash.pick": "4.4.0",
        "object-assign": "4.1.1",
        "prop-types": "15.5.10"
      },
      "dependencies": {
        "hoist-non-react-statics": {
          "version": "2.5.0",
          "resolved": "https://registry.npmjs.org/hoist-non-react-statics/-/hoist-non-react-statics-2.5.0.tgz",
          "integrity": "sha512-6Bl6XsDT1ntE0lHbIhr4Kp2PGcleGZ66qu5Jqk8lc0Xc/IeG6gVLmwUGs/K0Us+L8VWoKgj0uWdPMataOsm31w=="
        }
      }
    },
    "react-dom": {
      "version": "15.6.1",
      "resolved": "https://registry.npmjs.org/react-dom/-/react-dom-15.6.1.tgz",
      "integrity": "sha1-LLDtQZEDjlPCCes6eaI+Kkz5lHA="
    },
    "react-reconciler": {
      "version": "0.7.0",
      "resolved": "https://registry.npmjs.org/react-reconciler/-/react-reconciler-0.7.0.tgz",
      "integrity": "sha512-50JwZ3yNyMS8fchN+jjWEJOH3Oze7UmhxeoJLn2j6f3NjpfCRbcmih83XTWmzqtar/ivd5f7tvQhvvhism2fgg==",
      "requires": {
        "fbjs": "0.8.16",
        "loose-envify": "1.3.1",
        "object-assign": "4.1.1",
        "prop-types": "15.6.1"
      },
      "dependencies": {
        "fbjs": {
          "version": "0.8.16",
          "resolved": "https://registry.npmjs.org/fbjs/-/fbjs-0.8.16.tgz",
          "integrity": "sha1-XmdDL1UNxBtXK/VYR7ispk5TN9s=",
          "requires": {
            "core-js": "1.2.7",
            "isomorphic-fetch": "2.2.1",
            "loose-envify": "1.3.1",
            "object-assign": "4.1.1",
            "promise": "7.3.1",
            "setimmediate": "1.0.5",
            "ua-parser-js": "0.7.13"
          }
        },
        "prop-types": {
          "version": "15.6.1",
          "resolved": "https://registry.npmjs.org/prop-types/-/prop-types-15.6.1.tgz",
          "integrity": "sha512-4ec7bY1Y66LymSUOH/zARVYObB23AT2h8cf6e/O6ZALB/N0sqZFEx7rq6EYPX2MkOdKORuooI/H5k9TlR4q7kQ==",
          "requires": {
            "fbjs": "0.8.16",
            "loose-envify": "1.3.1",
            "object-assign": "4.1.1"
          }
        }
      }
    },
    "react-relay": {
      "version": "1.1.0",
      "resolved": "https://registry.npmjs.org/react-relay/-/react-relay-1.1.0.tgz",
      "integrity": "sha512-AErncet40MFs60PrQ24KZSMnuQrLOPdORn+vOJlOyDgq0t8/Eibcoukn8XWatSGI3tVYc7U/pcv5SVCF/DKQmg==",
      "requires": {
        "babel-runtime": "6.23.0",
        "fbjs": "0.8.12",
        "prop-types": "15.5.10",
        "react-static-container": "1.0.2",
        "relay-runtime": "1.1.0"
      }
    },
    "react-scripts": {
      "version": "1.0.7",
      "resolved": "https://registry.npmjs.org/react-scripts/-/react-scripts-1.0.7.tgz",
      "integrity": "sha1-/hQ23aA7tFRlx20JfP6k8y63y7s=",
      "dev": true,
      "dependencies": {
        "promise": {
          "version": "7.1.1",
          "resolved": "https://registry.npmjs.org/promise/-/promise-7.1.1.tgz",
          "integrity": "sha1-SJZUxpJha4qlWwck+oCbt9tJxb8=",
          "dev": true
        }
      }
    },
    "react-static-container": {
      "version": "1.0.2",
      "resolved": "https://registry.npmjs.org/react-static-container/-/react-static-container-1.0.2.tgz",
      "integrity": "sha512-rxlZtZk5t6Y3gqqpaZ1lxY3RqlQcBU5uGsSoZj/hbF3ZweDqPbFHDkczT4emAxeaw37OD96RAAoayFGFQZCdWg=="
    },
    "react-test-renderer": {
      "version": "16.2.0",
      "resolved": "https://registry.npmjs.org/react-test-renderer/-/react-test-renderer-16.2.0.tgz",
      "integrity": "sha512-Kd4gJFtpNziR9ElOE/C23LeflKLZPRpNQYWP3nQBY43SJ5a+xyEGSeMrm2zxNKXcnCbBS/q1UpD9gqd5Dv+rew==",
      "requires": {
        "fbjs": "0.8.16",
        "object-assign": "4.1.1",
        "prop-types": "15.6.1"
      },
      "dependencies": {
        "fbjs": {
          "version": "0.8.16",
          "resolved": "https://registry.npmjs.org/fbjs/-/fbjs-0.8.16.tgz",
          "integrity": "sha1-XmdDL1UNxBtXK/VYR7ispk5TN9s=",
          "requires": {
            "core-js": "1.2.7",
            "isomorphic-fetch": "2.2.1",
            "loose-envify": "1.3.1",
            "object-assign": "4.1.1",
            "promise": "7.3.1",
            "setimmediate": "1.0.5",
            "ua-parser-js": "0.7.13"
          }
        },
        "prop-types": {
          "version": "15.6.1",
          "resolved": "https://registry.npmjs.org/prop-types/-/prop-types-15.6.1.tgz",
          "integrity": "sha512-4ec7bY1Y66LymSUOH/zARVYObB23AT2h8cf6e/O6ZALB/N0sqZFEx7rq6EYPX2MkOdKORuooI/H5k9TlR4q7kQ==",
          "requires": {
            "fbjs": "0.8.16",
            "loose-envify": "1.3.1",
            "object-assign": "4.1.1"
          }
        }
      }
    },
    "react-virtualized": {
      "version": "9.8.0",
      "resolved": "https://registry.npmjs.org/react-virtualized/-/react-virtualized-9.8.0.tgz",
      "integrity": "sha512-XTMLpb9pyV1CKqa57uEv70oKMDZfDCJ2WTBwwSmkVjcww/AipN672nKLdL0D7FMhYFxqiKl6t1pPoJxV5QFxsg==",
      "requires": {
        "babel-runtime": "6.23.0",
        "classnames": "2.2.5",
        "dom-helpers": "3.3.1",
        "loose-envify": "1.3.1",
        "prop-types": "15.5.10"
      }
    },
    "relay-runtime": {
      "version": "1.1.0",
      "resolved": "https://registry.npmjs.org/relay-runtime/-/relay-runtime-1.1.0.tgz",
      "integrity": "sha512-606wVdHCg618pjoqBq3R4YZohckj693SUUekWZDmvc8l6++m/P0yQiWfAAL//4gcjxr7NYl1Q22hFYPC5BGFoQ==",
      "requires": {
        "babel-runtime": "6.23.0",
        "fbjs": "0.8.12"
      }
    },
    "safe-buffer": {
      "version": "5.1.1",
      "resolved": "https://registry.npmjs.org/safe-buffer/-/safe-buffer-5.1.1.tgz",
      "integrity": "sha512-kKvNJn6Mm93gAczWVJg7wH+wGYWNrDHdWvpUmHyEsgCtIwwo3bqPtV4tR5tuPaUhTOo/kvhVwd8XwwOllGYkbg==",
      "dev": true
    },
    "setimmediate": {
      "version": "1.0.5",
      "resolved": "https://registry.npmjs.org/setimmediate/-/setimmediate-1.0.5.tgz",
      "integrity": "sha1-KQy7Iy4waULX1+qbg3Mqt4VvgoU="
    },
    "subscriptions-transport-ws": {
      "version": "0.7.3",
      "resolved": "https://registry.npmjs.org/subscriptions-transport-ws/-/subscriptions-transport-ws-0.7.3.tgz",
      "integrity": "sha1-FYWPA+AT4fwo+MLWMQFOwVSNOPA=",
      "requires": {
        "@types/ws": "3.2.1",
        "backo2": "1.0.2",
        "eventemitter3": "1.2.0",
        "graphql-subscriptions": "0.4.4",
        "graphql-tag": "2.4.2",
        "iterall": "1.1.1",
        "lodash.assign": "4.2.0",
        "lodash.isobject": "3.0.2",
        "lodash.isstring": "4.0.1",
        "ws": "3.3.3"
      }
    },
    "ua-parser-js": {
      "version": "0.7.13",
      "resolved": "https://registry.npmjs.org/ua-parser-js/-/ua-parser-js-0.7.13.tgz",
      "integrity": "sha1-zZ3S+GSTs/RNvu7zeA/adMXuFL4="
    },
    "ultron": {
      "version": "1.1.1",
      "resolved": "https://registry.npmjs.org/ultron/-/ultron-1.1.1.tgz",
      "integrity": "sha512-UIEXBNeYmKptWH6z8ZnqTeS8fV74zG0/eRU9VGkpzz+LIJNs8W/zM/L+7ctCkRrgbNnnR0xxw4bKOr0cW0N0Og=="
    },
    "ws": {
      "version": "3.3.3",
      "resolved": "https://registry.npmjs.org/ws/-/ws-3.3.3.tgz",
      "integrity": "sha512-nnWLa/NwZSt4KQJu51MYlCcSQ5g7INpOrOMt4XV8j4dqTXdmlUmSHQ8/oLC069ckre0fRsgfvsKwbTdtKLCDkA==",
      "requires": {
        "async-limiter": "1.0.0",
        "safe-buffer": "5.1.1",
        "ultron": "1.1.1"
      }
    }
  }
}
